
Microsoft Visual Studio Solution File, Format Version 12.00
# Visual Studio 2013
VisualStudioVersion = 12.0.31101.0
MinimumVisualStudioVersion = 10.0.40219.1
Project("{FAE04EC0-301F-11D3-BF4B-00C04F79EFBC}") = "MapTests", "MapTests\MapTests.csproj", "{147C47C5-7938-466A-B2C3-DE7D5A206BC9}"
EndProject
Project("{2150E333-8FDC-42A3-9474-1A3956D46DE8}") = "Solution Items", "Solution Items", "{4783C253-4016-480A-B78D-7ED13F80196A}"
	ProjectSection(SolutionItems) = preProject
		CombatCommander.vsmdi = CombatCommander.vsmdi
		Local.testsettings = Local.testsettings
		TraceAndTestImpact.testsettings = TraceAndTestImpact.testsettings
	EndProjectSection
EndProject
Project("{FAE04EC0-301F-11D3-BF4B-00C04F79EFBC}") = "LOS Test", "LOS Test\LOS Test.csproj", "{2858A531-96BD-4DD3-B7B6-3CFA3B97D14D}"
EndProject
Project("{FAE04EC0-301F-11D3-BF4B-00C04F79EFBC}") = "ScenarioTest", "ScenarioTest\ScenarioTest.csproj", "{4AD7025E-0874-49C9-80E5-F7F2BF3D5BA3}"
EndProject
Project("{FAE04EC0-301F-11D3-BF4B-00C04F79EFBC}") = "PathfinderTest", "PathfinderTest\PathfinderTest.csproj", "{33C65369-27F4-4C61-877D-5CA04A041065}"
EndProject
Project("{8BC9CEB8-8B4A-11D0-8D11-00A0C91BC942}") = "AILibrary", "AILibrary\AILibrary.vcxproj", "{6289F7D4-0028-4654-B526-2EE8CCAFB571}"
EndProject
Project("{FAE04EC0-301F-11D3-BF4B-00C04F79EFBC}") = "CombatCommander", "CCESrc\CombatCommander.csproj", "{83D3B67B-E6DA-4140-8E49-DE84DEE0B0B3}"
EndProject
Global
	GlobalSection(SolutionConfigurationPlatforms) = preSolution
		Debug|Any CPU = Debug|Any CPU
		Debug|Mixed Platforms = Debug|Mixed Platforms
		Debug|Win32 = Debug|Win32
		Debug|x86 = Debug|x86
		Release|Any CPU = Release|Any CPU
		Release|Mixed Platforms = Release|Mixed Platforms
		Release|Win32 = Release|Win32
		Release|x86 = Release|x86
	EndGlobalSection
	GlobalSection(ProjectConfigurationPlatforms) = postSolution
		{147C47C5-7938-466A-B2C3-DE7D5A206BC9}.Debug|Any CPU.ActiveCfg = Debug|Any CPU
		{147C47C5-7938-466A-B2C3-DE7D5A206BC9}.Debug|Any CPU.Build.0 = Debug|Any CPU
		{147C47C5-7938-466A-B2C3-DE7D5A206BC9}.Debug|Mixed Platforms.ActiveCfg = Debug|Any CPU
		{147C47C5-7938-466A-B2C3-DE7D5A206BC9}.Debug|Mixed Platforms.Build.0 = Debug|Any CPU
		{147C47C5-7938-466A-B2C3-DE7D5A206BC9}.Debug|Win32.ActiveCfg = Debug|Any CPU
		{147C47C5-7938-466A-B2C3-DE7D5A206BC9}.Debug|x86.ActiveCfg = Debug|Any CPU
		{147C47C5-7938-466A-B2C3-DE7D5A206BC9}.Release|Any CPU.ActiveCfg = Release|Any CPU
		{147C47C5-7938-466A-B2C3-DE7D5A206BC9}.Release|Any CPU.Build.0 = Release|Any CPU
		{147C47C5-7938-466A-B2C3-DE7D5A206BC9}.Release|Mixed Platforms.ActiveCfg = Release|Any CPU
		{147C47C5-7938-466A-B2C3-DE7D5A206BC9}.Release|Mixed Platforms.Build.0 = Release|Any CPU
		{147C47C5-7938-466A-B2C3-DE7D5A206BC9}.Release|Win32.ActiveCfg = Release|Any CPU
		{147C47C5-7938-466A-B2C3-DE7D5A206BC9}.Release|x86.ActiveCfg = Release|Any CPU
		{2858A531-96BD-4DD3-B7B6-3CFA3B97D14D}.Debug|Any CPU.ActiveCfg = Debug|x86
		{2858A531-96BD-4DD3-B7B6-3CFA3B97D14D}.Debug|Mixed Platforms.ActiveCfg = Debug|x86
		{2858A531-96BD-4DD3-B7B6-3CFA3B97D14D}.Debug|Mixed Platforms.Build.0 = Debug|x86
		{2858A531-96BD-4DD3-B7B6-3CFA3B97D14D}.Debug|Win32.ActiveCfg = Debug|x86
		{2858A531-96BD-4DD3-B7B6-3CFA3B97D14D}.Debug|x86.ActiveCfg = Debug|x86
		{2858A531-96BD-4DD3-B7B6-3CFA3B97D14D}.Debug|x86.Build.0 = Debug|x86
		{2858A531-96BD-4DD3-B7B6-3CFA3B97D14D}.Release|Any CPU.ActiveCfg = Release|x86
		{2858A531-96BD-4DD3-B7B6-3CFA3B97D14D}.Release|Mixed Platforms.ActiveCfg = Release|x86
		{2858A531-96BD-4DD3-B7B6-3CFA3B97D14D}.Release|Mixed Platforms.Build.0 = Release|x86
		{2858A531-96BD-4DD3-B7B6-3CFA3B97D14D}.Release|Win32.ActiveCfg = Release|x86
		{2858A531-96BD-4DD3-B7B6-3CFA3B97D14D}.Release|x86.ActiveCfg = Release|x86
		{2858A531-96BD-4DD3-B7B6-3CFA3B97D14D}.Release|x86.Build.0 = Release|x86
		{4AD7025E-0874-49C9-80E5-F7F2BF3D5BA3}.Debug|Any CPU.ActiveCfg = Debug|x86
		{4AD7025E-0874-49C9-80E5-F7F2BF3D5BA3}.Debug|Mixed Platforms.ActiveCfg = Debug|x86
		{4AD7025E-0874-49C9-80E5-F7F2BF3D5BA3}.Debug|Mixed Platforms.Build.0 = Debug|x86
		{4AD7025E-0874-49C9-80E5-F7F2BF3D5BA3}.Debug|Win32.ActiveCfg = Debug|x86
		{4AD7025E-0874-49C9-80E5-F7F2BF3D5BA3}.Debug|x86.ActiveCfg = Debug|x86
		{4AD7025E-0874-49C9-80E5-F7F2BF3D5BA3}.Debug|x86.Build.0 = Debug|x86
		{4AD7025E-0874-49C9-80E5-F7F2BF3D5BA3}.Release|Any CPU.ActiveCfg = Release|x86
		{4AD7025E-0874-49C9-80E5-F7F2BF3D5BA3}.Release|Mixed Platforms.ActiveCfg = Release|x86
		{4AD7025E-0874-49C9-80E5-F7F2BF3D5BA3}.Release|Mixed Platforms.Build.0 = Release|x86
		{4AD7025E-0874-49C9-80E5-F7F2BF3D5BA3}.Release|Win32.ActiveCfg = Release|x86
		{4AD7025E-0874-49C9-80E5-F7F2BF3D5BA3}.Release|x86.ActiveCfg = Release|x86
		{4AD7025E-0874-49C9-80E5-F7F2BF3D5BA3}.Release|x86.Build.0 = Release|x86
		{33C65369-27F4-4C61-877D-5CA04A041065}.Debug|Any CPU.ActiveCfg = Debug|x86
		{33C65369-27F4-4C61-877D-5CA04A041065}.Debug|Mixed Platforms.ActiveCfg = Debug|x86
		{33C65369-27F4-4C61-877D-5CA04A041065}.Debug|Mixed Platforms.Build.0 = Debug|x86
		{33C65369-27F4-4C61-877D-5CA04A041065}.Debug|Win32.ActiveCfg = Debug|x86
		{33C65369-27F4-4C61-877D-5CA04A041065}.Debug|x86.ActiveCfg = Debug|x86
		{33C65369-27F4-4C61-877D-5CA04A041065}.Debug|x86.Build.0 = Debug|x86
		{33C65369-27F4-4C61-877D-5CA04A041065}.Release|Any CPU.ActiveCfg = Release|x86
		{33C65369-27F4-4C61-877D-5CA04A041065}.Release|Mixed Platforms.ActiveCfg = Release|x86
		{33C65369-27F4-4C61-877D-5CA04A041065}.Release|Mixed Platforms.Build.0 = Release|x86
		{33C65369-27F4-4C61-877D-5CA04A041065}.Release|Win32.ActiveCfg = Release|x86
		{33C65369-27F4-4C61-877D-5CA04A041065}.Release|x86.ActiveCfg = Release|x86
		{33C65369-27F4-4C61-877D-5CA04A041065}.Release|x86.Build.0 = Release|x86
		{6289F7D4-0028-4654-B526-2EE8CCAFB571}.Debug|Any CPU.ActiveCfg = Debug|Win32
		{6289F7D4-0028-4654-B526-2EE8CCAFB571}.Debug|Mixed Platforms.ActiveCfg = Debug|Win32
		{6289F7D4-0028-4654-B526-2EE8CCAFB571}.Debug|Mixed Platforms.Build.0 = Debug|Win32
		{6289F7D4-0028-4654-B526-2EE8CCAFB571}.Debug|Win32.ActiveCfg = Debug|Win32
		{6289F7D4-0028-4654-B526-2EE8CCAFB571}.Debug|Win32.Build.0 = Debug|Win32
		{6289F7D4-0028-4654-B526-2EE8CCAFB571}.Debug|x86.ActiveCfg = Debug|Win32
		{6289F7D4-0028-4654-B526-2EE8CCAFB571}.Release|Any CPU.ActiveCfg = Release|Win32
		{6289F7D4-0028-4654-B526-2EE8CCAFB571}.Release|Mixed Platforms.ActiveCfg = Release|Win32
		{6289F7D4-0028-4654-B526-2EE8CCAFB571}.Release|Mixed Platforms.Build.0 = Release|Win32
		{6289F7D4-0028-4654-B526-2EE8CCAFB571}.Release|Win32.ActiveCfg = Release|Win32
		{6289F7D4-0028-4654-B526-2EE8CCAFB571}.Release|Win32.Build.0 = Release|Win32
		{6289F7D4-0028-4654-B526-2EE8CCAFB571}.Release|x86.ActiveCfg = Release|Win32
		{83D3B67B-E6DA-4140-8E49-DE84DEE0B0B3}.Debug|Any CPU.ActiveCfg = Debug|x86
		{83D3B67B-E6DA-4140-8E49-DE84DEE0B0B3}.Debug|Mixed Platforms.ActiveCfg = Debug|x86
		{83D3B67B-E6DA-4140-8E49-DE84DEE0B0B3}.Debug|Mixed Platforms.Build.0 = Debug|x86
		{83D3B67B-E6DA-4140-8E49-DE84DEE0B0B3}.Debug|Win32.ActiveCfg = Debug|x86
		{83D3B67B-E6DA-4140-8E49-DE84DEE0B0B3}.Debug|Win32.Build.0 = Debug|x86
		{83D3B67B-E6DA-4140-8E49-DE84DEE0B0B3}.Debug|x86.ActiveCfg = Debug|x86
		{83D3B67B-E6DA-4140-8E49-DE84DEE0B0B3}.Debug|x86.Build.0 = Debug|x86
		{83D3B67B-E6DA-4140-8E49-DE84DEE0B0B3}.Release|Any CPU.ActiveCfg = Release|x86
		{83D3B67B-E6DA-4140-8E49-DE84DEE0B0B3}.Release|Mixed Platforms.ActiveCfg = Release|x86
		{83D3B67B-E6DA-4140-8E49-DE84DEE0B0B3}.Release|Mixed Platforms.Build.0 = Release|x86
		{83D3B67B-E6DA-4140-8E49-DE84DEE0B0B3}.Release|Win32.ActiveCfg = Release|x86
		{83D3B67B-E6DA-4140-8E49-DE84DEE0B0B3}.Release|Win32.Build.0 = Release|x86
		{83D3B67B-E6DA-4140-8E49-DE84DEE0B0B3}.Release|x86.ActiveCfg = Release|x86
		{83D3B67B-E6DA-4140-8E49-DE84DEE0B0B3}.Release|x86.Build.0 = Release|x86
	EndGlobalSection
	GlobalSection(SolutionProperties) = preSolution
		HideSolutionNode = FALSE
	EndGlobalSection
	GlobalSection(TestCaseManagementSettings) = postSolution
		CategoryFile = CombatCommander.vsmdi
	EndGlobalSection
EndGlobal
